{
  "version": 4,
  "terraform_version": "0.12.24",
  "serial": 41,
  "lineage": "f3bc3fcb-bcbf-e6bc-3d88-f4d52946f546",
  "outputs": {},
  "resources": [
    {
      "mode": "managed",
      "type": "aws_instance",
      "name": "example",
      "provider": "provider.aws",
      "instances": [
        {
          "schema_version": 1,
          "attributes": {
            "ami": "ami-00edfb46b107f643c",
            "arn": "arn:aws:ec2:ap-northeast-2:416225317325:instance/i-0d0cadc9aba36dadf",
            "associate_public_ip_address": true,
            "availability_zone": "ap-northeast-2c",
            "cpu_core_count": 1,
            "cpu_threads_per_core": 1,
            "credit_specification": [
              {
                "cpu_credits": "standard"
              }
            ],
            "disable_api_termination": false,
            "ebs_block_device": [],
            "ebs_optimized": false,
            "ephemeral_block_device": [],
            "get_password_data": false,
            "hibernation": false,
            "host_id": null,
            "iam_instance_profile": "",
            "id": "i-0d0cadc9aba36dadf",
            "instance_initiated_shutdown_behavior": null,
            "instance_state": "running",
            "instance_type": "t2.micro",
            "ipv6_address_count": 0,
            "ipv6_addresses": [],
            "key_name": "mykey",
            "metadata_options": [
              {
                "http_endpoint": "enabled",
                "http_put_response_hop_limit": 1,
                "http_tokens": "optional"
              }
            ],
            "monitoring": false,
            "network_interface": [],
            "network_interface_id": null,
            "outpost_arn": "",
            "password_data": "",
            "placement_group": "",
            "primary_network_interface_id": "eni-0e25ff62fb4a7d7e9",
            "private_dns": "ip-172-31-32-232.ap-northeast-2.compute.internal",
            "private_ip": "172.31.32.232",
            "public_dns": "ec2-52-78-107-210.ap-northeast-2.compute.amazonaws.com",
            "public_ip": "52.78.107.210",
            "root_block_device": [
              {
                "delete_on_termination": true,
                "device_name": "/dev/sda1",
                "encrypted": false,
                "iops": 100,
                "kms_key_id": "",
                "volume_id": "vol-0ef5d0d5c0847d7b0",
                "volume_size": 8,
                "volume_type": "gp2"
              }
            ],
            "security_groups": [
              "default"
            ],
            "source_dest_check": true,
            "subnet_id": "subnet-0b2d8ea91600bcce3",
            "tags": null,
            "tenancy": "default",
            "timeouts": null,
            "user_data": null,
            "user_data_base64": null,
            "volume_tags": {},
            "vpc_security_group_ids": [
              "sg-056c8cf2e16d78255"
            ]
          },
          "private": "eyJlMmJmYjczMC1lY2FhLTExZTYtOGY4OC0zNDM2M2JjN2M0YzAiOnsiY3JlYXRlIjo2MDAwMDAwMDAwMDAsImRlbGV0ZSI6MTIwMDAwMDAwMDAwMCwidXBkYXRlIjo2MDAwMDAwMDAwMDB9LCJzY2hlbWFfdmVyc2lvbiI6IjEifQ==",
          "dependencies": [
            "aws_key_pair.mykey"
          ]
        }
      ]
    },
    {
      "mode": "managed",
      "type": "aws_key_pair",
      "name": "mykey",
      "provider": "provider.aws",
      "instances": [
        {
          "schema_version": 1,
          "attributes": {
            "fingerprint": "ad:68:30:63:c3:49:60:ff:02:76:8d:15:14:b3:67:16",
            "id": "mykey",
            "key_name": "mykey",
            "key_name_prefix": null,
            "key_pair_id": "key-0c4605d9be8b9b54c",
            "public_key": "ssh-rsa AAAAB3NzaC1yc2EAAAADAQABAAABAQDAE5XILUz5WiDZ7GoF/sNg9/NaXmocuVKzowQd8hsLuB5K8cLSruHSubDAmi1hKGNEL29+C0iUyo49C4WGOD71CfmtRyp/FYYnD5vuzxzUPhKZD2KWKnn3E8UbdKlyDpKhexmKK2rcmdoj123eAui1q3W+TSAI5G+s6zTCbYEn1PcKsUbpoXXBHl+G87KygMHco7UTYP+JdclMGBD8hrZO8LsXviztZKBAUtrD3NxMMVSXDIzqId2UcvGHbxHLAiOBKcrptFcdkdu+GI5KuNeErZYBGo6t2CELmhKRc69UOS7wAN4e7bMlVlUiD0h+ol7H4W0cXzNoK6JuSVYXaFg/ ubuntu@u1",
            "tags": null
          },
          "private": "eyJzY2hlbWFfdmVyc2lvbiI6IjEifQ=="
        }
      ]
    }
  ]
}
